
Microsoft Visual Studio Solution File, Format Version 12.00
# Visual Studio 15
VisualStudioVersion = 15.0.26124.0
MinimumVisualStudioVersion = 15.0.26124.0
Project("{FAE04EC0-301F-11D3-BF4B-00C04F79EFBC}") = "HsluvS", "HsluvS\HsluvS.csproj", "{70EE49BF-F6EE-4441-9AAE-FED6B0AA13D5}"
EndProject
Project("{FAE04EC0-301F-11D3-BF4B-00C04F79EFBC}") = "Example", "Example\Example.csproj", "{8850BD88-1581-4F60-8F9A-521DBF72AE3D}"
EndProject
Project("{FAE04EC0-301F-11D3-BF4B-00C04F79EFBC}") = "Tests", "Tests\Tests.csproj", "{4EF220B3-8881-41D2-989A-D74318042E25}"
EndProject
Global
	GlobalSection(SolutionConfigurationPlatforms) = preSolution
		Debug|Any CPU = Debug|Any CPU
		Debug|x64 = Debug|x64
		Debug|x86 = Debug|x86
		Release|Any CPU = Release|Any CPU
		Release|x64 = Release|x64
		Release|x86 = Release|x86
	EndGlobalSection
	GlobalSection(SolutionProperties) = preSolution
		HideSolutionNode = FALSE
	EndGlobalSection
	GlobalSection(ProjectConfigurationPlatforms) = postSolution
		{70EE49BF-F6EE-4441-9AAE-FED6B0AA13D5}.Debug|Any CPU.ActiveCfg = Debug|Any CPU
		{70EE49BF-F6EE-4441-9AAE-FED6B0AA13D5}.Debug|Any CPU.Build.0 = Debug|Any CPU
		{70EE49BF-F6EE-4441-9AAE-FED6B0AA13D5}.Debug|x64.ActiveCfg = Debug|Any CPU
		{70EE49BF-F6EE-4441-9AAE-FED6B0AA13D5}.Debug|x64.Build.0 = Debug|Any CPU
		{70EE49BF-F6EE-4441-9AAE-FED6B0AA13D5}.Debug|x86.ActiveCfg = Debug|Any CPU
		{70EE49BF-F6EE-4441-9AAE-FED6B0AA13D5}.Debug|x86.Build.0 = Debug|Any CPU
		{70EE49BF-F6EE-4441-9AAE-FED6B0AA13D5}.Release|Any CPU.ActiveCfg = Release|Any CPU
		{70EE49BF-F6EE-4441-9AAE-FED6B0AA13D5}.Release|Any CPU.Build.0 = Release|Any CPU
		{70EE49BF-F6EE-4441-9AAE-FED6B0AA13D5}.Release|x64.ActiveCfg = Release|Any CPU
		{70EE49BF-F6EE-4441-9AAE-FED6B0AA13D5}.Release|x64.Build.0 = Release|Any CPU
		{70EE49BF-F6EE-4441-9AAE-FED6B0AA13D5}.Release|x86.ActiveCfg = Release|Any CPU
		{70EE49BF-F6EE-4441-9AAE-FED6B0AA13D5}.Release|x86.Build.0 = Release|Any CPU
		{8850BD88-1581-4F60-8F9A-521DBF72AE3D}.Debug|Any CPU.ActiveCfg = Debug|Any CPU
		{8850BD88-1581-4F60-8F9A-521DBF72AE3D}.Debug|Any CPU.Build.0 = Debug|Any CPU
		{8850BD88-1581-4F60-8F9A-521DBF72AE3D}.Debug|x64.ActiveCfg = Debug|Any CPU
		{8850BD88-1581-4F60-8F9A-521DBF72AE3D}.Debug|x64.Build.0 = Debug|Any CPU
		{8850BD88-1581-4F60-8F9A-521DBF72AE3D}.Debug|x86.ActiveCfg = Debug|Any CPU
		{8850BD88-1581-4F60-8F9A-521DBF72AE3D}.Debug|x86.Build.0 = Debug|Any CPU
		{8850BD88-1581-4F60-8F9A-521DBF72AE3D}.Release|Any CPU.ActiveCfg = Release|Any CPU
		{8850BD88-1581-4F60-8F9A-521DBF72AE3D}.Release|Any CPU.Build.0 = Release|Any CPU
		{8850BD88-1581-4F60-8F9A-521DBF72AE3D}.Release|x64.ActiveCfg = Release|Any CPU
		{8850BD88-1581-4F60-8F9A-521DBF72AE3D}.Release|x64.Build.0 = Release|Any CPU
		{8850BD88-1581-4F60-8F9A-521DBF72AE3D}.Release|x86.ActiveCfg = Release|Any CPU
		{8850BD88-1581-4F60-8F9A-521DBF72AE3D}.Release|x86.Build.0 = Release|Any CPU
		{4EF220B3-8881-41D2-989A-D74318042E25}.Debug|Any CPU.ActiveCfg = Debug|Any CPU
		{4EF220B3-8881-41D2-989A-D74318042E25}.Debug|Any CPU.Build.0 = Debug|Any CPU
		{4EF220B3-8881-41D2-989A-D74318042E25}.Debug|x64.ActiveCfg = Debug|Any CPU
		{4EF220B3-8881-41D2-989A-D74318042E25}.Debug|x64.Build.0 = Debug|Any CPU
		{4EF220B3-8881-41D2-989A-D74318042E25}.Debug|x86.ActiveCfg = Debug|Any CPU
		{4EF220B3-8881-41D2-989A-D74318042E25}.Debug|x86.Build.0 = Debug|Any CPU
		{4EF220B3-8881-41D2-989A-D74318042E25}.Release|Any CPU.ActiveCfg = Release|Any CPU
		{4EF220B3-8881-41D2-989A-D74318042E25}.Release|Any CPU.Build.0 = Release|Any CPU
		{4EF220B3-8881-41D2-989A-D74318042E25}.Release|x64.ActiveCfg = Release|Any CPU
		{4EF220B3-8881-41D2-989A-D74318042E25}.Release|x64.Build.0 = Release|Any CPU
		{4EF220B3-8881-41D2-989A-D74318042E25}.Release|x86.ActiveCfg = Release|Any CPU
		{4EF220B3-8881-41D2-989A-D74318042E25}.Release|x86.Build.0 = Release|Any CPU
	EndGlobalSection
EndGlobal
